
Microsoft Visual Studio Solution File, Format Version 12.00
# Visual Studio 2013
VisualStudioVersion = 12.0.31101.0
MinimumVisualStudioVersion = 10.0.40219.1
Project("{8BC9CEB8-8B4A-11D0-8D11-00A0C91BC942}") = "corelib", "src\corelib\corelib.vcxproj", "{6162410E-47FD-4B76-9D7D-37BE6A41293A}"
EndProject
Project("{8BC9CEB8-8B4A-11D0-8D11-00A0C91BC942}") = "clovertun", "src\clovertun\clovertun.vcxproj", "{E08A53BF-7B8A-4561-AEC3-53C926F680C6}"
EndProject
Project("{8BC9CEB8-8B4A-11D0-8D11-00A0C91BC942}") = "networktest", "src\clovertun\test\networktest.vcxproj", "{CB2B6C1D-7A4B-4B3F-A57D-44B1AA96F740}"
EndProject
Project("{8BC9CEB8-8B4A-11D0-8D11-00A0C91BC942}") = "QuicProxy", "src\QuicProxy\QuicProxy.vcxproj", "{A5F27967-B008-48C1-8408-272B8CECA454}"
EndProject
Project("{8BC9CEB8-8B4A-11D0-8D11-00A0C91BC942}") = "EnhanceLib", "src\EnhanceLib\EnhanceLib.vcxproj", "{4C30FB2E-7E5D-4E4F-AB23-E0F0CE6911D3}"
EndProject
Project("{8BC9CEB8-8B4A-11D0-8D11-00A0C91BC942}") = "QuicCommLib", "src\QuicCommLib\QuicCommLib.vcxproj", "{A43BCE43-1963-4F87-B3FA-8CF977567EC0}"
EndProject
Global
	GlobalSection(SolutionConfigurationPlatforms) = preSolution
		Debug|Win32 = Debug|Win32
		Release|Win32 = Release|Win32
	EndGlobalSection
	GlobalSection(ProjectConfigurationPlatforms) = postSolution
		{6162410E-47FD-4B76-9D7D-37BE6A41293A}.Debug|Win32.ActiveCfg = Debug|Win32
		{6162410E-47FD-4B76-9D7D-37BE6A41293A}.Debug|Win32.Build.0 = Debug|Win32
		{6162410E-47FD-4B76-9D7D-37BE6A41293A}.Release|Win32.ActiveCfg = Release|Win32
		{6162410E-47FD-4B76-9D7D-37BE6A41293A}.Release|Win32.Build.0 = Release|Win32
		{E08A53BF-7B8A-4561-AEC3-53C926F680C6}.Debug|Win32.ActiveCfg = Debug|Win32
		{E08A53BF-7B8A-4561-AEC3-53C926F680C6}.Debug|Win32.Build.0 = Debug|Win32
		{E08A53BF-7B8A-4561-AEC3-53C926F680C6}.Release|Win32.ActiveCfg = Release|Win32
		{E08A53BF-7B8A-4561-AEC3-53C926F680C6}.Release|Win32.Build.0 = Release|Win32
		{CB2B6C1D-7A4B-4B3F-A57D-44B1AA96F740}.Debug|Win32.ActiveCfg = Debug|Win32
		{CB2B6C1D-7A4B-4B3F-A57D-44B1AA96F740}.Debug|Win32.Build.0 = Debug|Win32
		{CB2B6C1D-7A4B-4B3F-A57D-44B1AA96F740}.Release|Win32.ActiveCfg = Release|Win32
		{CB2B6C1D-7A4B-4B3F-A57D-44B1AA96F740}.Release|Win32.Build.0 = Release|Win32
		{A5F27967-B008-48C1-8408-272B8CECA454}.Debug|Win32.ActiveCfg = Debug|Win32
		{A5F27967-B008-48C1-8408-272B8CECA454}.Debug|Win32.Build.0 = Debug|Win32
		{A5F27967-B008-48C1-8408-272B8CECA454}.Release|Win32.ActiveCfg = Release|Win32
		{A5F27967-B008-48C1-8408-272B8CECA454}.Release|Win32.Build.0 = Release|Win32
		{4C30FB2E-7E5D-4E4F-AB23-E0F0CE6911D3}.Debug|Win32.ActiveCfg = Debug|Win32
		{4C30FB2E-7E5D-4E4F-AB23-E0F0CE6911D3}.Debug|Win32.Build.0 = Debug|Win32
		{4C30FB2E-7E5D-4E4F-AB23-E0F0CE6911D3}.Release|Win32.ActiveCfg = Release|Win32
		{4C30FB2E-7E5D-4E4F-AB23-E0F0CE6911D3}.Release|Win32.Build.0 = Release|Win32
		{A43BCE43-1963-4F87-B3FA-8CF977567EC0}.Debug|Win32.ActiveCfg = Debug|Win32
		{A43BCE43-1963-4F87-B3FA-8CF977567EC0}.Debug|Win32.Build.0 = Debug|Win32
		{A43BCE43-1963-4F87-B3FA-8CF977567EC0}.Release|Win32.ActiveCfg = Release|Win32
		{A43BCE43-1963-4F87-B3FA-8CF977567EC0}.Release|Win32.Build.0 = Release|Win32
	EndGlobalSection
	GlobalSection(SolutionProperties) = preSolution
		HideSolutionNode = FALSE
	EndGlobalSection
EndGlobal
