<?xml version="1.0" encoding="utf-8"?>
<Project ToolsVersion="4.0" xmlns="http://schemas.microsoft.com/developer/msbuild/2003">
  <ItemGroup>
    <ClCompile Include="log.cpp" />
    <ClCompile Include="LogEx.cpp" />
  </ItemGroup>
  <ItemGroup>
    <ClInclude Include="log.h" />
    <ClInclude Include="LogEx.h" />
  </ItemGroup>
  <ItemGroup>
    <None Include="LogEx.def" />
  </ItemGroup>
</Project>